
Microsoft Visual Studio Solution File, Format Version 12.00
# Visual Studio Version 17
VisualStudioVersion = 17.8.34511.84
MinimumVisualStudioVersion = 10.0.40219.1
Project("{FAE04EC0-301F-11D3-BF4B-00C04F79EFBC}") = "Tamagochi - Pet", "Tamagochi - Pet\Tamagochi - Pet.csproj", "{C3F007F8-AE67-4377-AA74-ED90187AA315}"
EndProject
Global
	GlobalSection(SolutionConfigurationPlatforms) = preSolution
		Debug|Any CPU = Debug|Any CPU
		Release|Any CPU = Release|Any CPU
	EndGlobalSection
	GlobalSection(ProjectConfigurationPlatforms) = postSolution
		{C3F007F8-AE67-4377-AA74-ED90187AA315}.Debug|Any CPU.ActiveCfg = Debug|Any CPU
		{C3F007F8-AE67-4377-AA74-ED90187AA315}.Debug|Any CPU.Build.0 = Debug|Any CPU
		{C3F007F8-AE67-4377-AA74-ED90187AA315}.Release|Any CPU.ActiveCfg = Release|Any CPU
		{C3F007F8-AE67-4377-AA74-ED90187AA315}.Release|Any CPU.Build.0 = Release|Any CPU
	EndGlobalSection
	GlobalSection(SolutionProperties) = preSolution
		HideSolutionNode = FALSE
	EndGlobalSection
	GlobalSection(ExtensibilityGlobals) = postSolution
		SolutionGuid = {C2811F37-B8D1-4319-BF03-E5FD2F8C4254}
	EndGlobalSection
EndGlobal
